
Microsoft Visual Studio Solution File, Format Version 12.00
# Visual Studio Version 17
VisualStudioVersion = 17.9.34902.65
MinimumVisualStudioVersion = 10.0.40219.1
Project("{9A19103F-16F7-4668-BE54-9A1E7A4F7556}") = "HopelessProject3", "Hopeless Project 2\HopelessProject3.csproj", "{C408F1F0-B304-4BD2-B4DC-58B476FA719A}"
EndProject
Project("{9A19103F-16F7-4668-BE54-9A1E7A4F7556}") = "RPN.Logic", "RPN.Logic\RPN.Logic.csproj", "{DD6733B1-B309-46EC-BBF0-6E887B5182D0}"
EndProject
Global
	GlobalSection(SolutionConfigurationPlatforms) = preSolution
		Debug|Any CPU = Debug|Any CPU
		Release|Any CPU = Release|Any CPU
	EndGlobalSection
	GlobalSection(ProjectConfigurationPlatforms) = postSolution
		{C408F1F0-B304-4BD2-B4DC-58B476FA719A}.Debug|Any CPU.ActiveCfg = Debug|Any CPU
		{C408F1F0-B304-4BD2-B4DC-58B476FA719A}.Debug|Any CPU.Build.0 = Debug|Any CPU
		{C408F1F0-B304-4BD2-B4DC-58B476FA719A}.Release|Any CPU.ActiveCfg = Release|Any CPU
		{C408F1F0-B304-4BD2-B4DC-58B476FA719A}.Release|Any CPU.Build.0 = Release|Any CPU
		{DD6733B1-B309-46EC-BBF0-6E887B5182D0}.Debug|Any CPU.ActiveCfg = Debug|Any CPU
		{DD6733B1-B309-46EC-BBF0-6E887B5182D0}.Debug|Any CPU.Build.0 = Debug|Any CPU
		{DD6733B1-B309-46EC-BBF0-6E887B5182D0}.Release|Any CPU.ActiveCfg = Release|Any CPU
		{DD6733B1-B309-46EC-BBF0-6E887B5182D0}.Release|Any CPU.Build.0 = Release|Any CPU
	EndGlobalSection
	GlobalSection(SolutionProperties) = preSolution
		HideSolutionNode = FALSE
	EndGlobalSection
	GlobalSection(ExtensibilityGlobals) = postSolution
		SolutionGuid = {41D3DBFA-B72D-47E2-89A4-C8D58D06F145}
	EndGlobalSection
EndGlobal
